{
  "version": 4,
  "terraform_version": "0.15.1",
  "serial": 92,
  "lineage": "283e94d7-8e0f-aad2-af43-4e4f507cefad",
  "outputs": {},
  "resources": [
    {
      "mode": "managed",
      "type": "aws_internet_gateway",
      "name": "myigt",
      "provider": "provider[\"registry.terraform.io/hashicorp/aws\"]",
      "instances": [
        {
          "schema_version": 0,
          "attributes": {
            "arn": "arn:aws:ec2:us-east-1:595324472678:internet-gateway/igw-065182e3843e1230c",
            "id": "igw-065182e3843e1230c",
            "owner_id": "595324472678",
            "tags": {
              "name": "myigt"
            },
            "tags_all": {
              "name": "myigt"
            },
            "vpc_id": "vpc-08381df373509b33f"
          },
          "sensitive_attributes": [],
          "private": "bnVsbA==",
          "dependencies": [
            "aws_vpc.myvpc01"
          ]
        }
      ]
    },
    {
      "mode": "managed",
      "type": "aws_key_pair",
      "name": "mykeypair",
      "provider": "provider[\"registry.terraform.io/hashicorp/aws\"]",
      "instances": [
        {
          "schema_version": 1,
          "attributes": {
            "arn": "arn:aws:ec2:us-east-1:595324472678:key-pair/mykeypair",
            "fingerprint": "ea:ea:43:14:cf:0b:6f:c6:f1:0a:db:e0:d9:97:c5:0e",
            "id": "mykeypair",
            "key_name": "mykeypair",
            "key_name_prefix": null,
            "key_pair_id": "key-059458432f91c22de",
            "public_key": "ssh-rsa AAAAB3NzaC1yc2EAAAADAQABAAABAQDe66kKlywvFQ4ha7t4KweD8G/PNViZ0MFpzjgeFuBc0omGNnvhLhqIxljOOMHL4gBNsxQgJCrN4iyM59OFkhmgGwBGq9XQDb426qFUOAvRNBM6lQFb6u+421qvrN9b9d57Lrm2rBM0QzevSU4Fftu64S4otIdLxd2F0LUAoWXRI0uNcKSunhKoA+/13EdBcAhy8w5Z7kFzPS5f0oFtmqA/G9FO1oM9RyOYVODNbzWq2BebcjQXk3XfisQWa8bN/KF3TeJHlzy29iFNfhA4i4LgLdqZdCslvPa4hHtw9RJzInOKXOO7OlkFxOQOqhNLbCvkQGnygA2AksrjV8IeJSen root@ip-10-0-0-26.ap-south-1.compute.internal",
            "tags": {},
            "tags_all": {}
          },
          "sensitive_attributes": [],
          "private": "eyJzY2hlbWFfdmVyc2lvbiI6IjEifQ==",
          "create_before_destroy": true
        }
      ]
    },
    {
      "mode": "managed",
      "type": "aws_security_group",
      "name": "elb-securitygroup",
      "provider": "provider[\"registry.terraform.io/hashicorp/aws\"]",
      "instances": [
        {
          "schema_version": 1,
          "attributes": {
            "arn": "arn:aws:ec2:us-east-1:595324472678:security-group/sg-01c046e1abcfbf8b0",
            "description": " this is used for elb to open traffic to internrt",
            "egress": [
              {
                "cidr_blocks": [
                  "0.0.0.0/0"
                ],
                "description": "",
                "from_port": 0,
                "ipv6_cidr_blocks": [],
                "prefix_list_ids": [],
                "protocol": "-1",
                "security_groups": [],
                "self": false,
                "to_port": 0
              }
            ],
            "id": "sg-01c046e1abcfbf8b0",
            "ingress": [
              {
                "cidr_blocks": [
                  "0.0.0.0/0"
                ],
                "description": "",
                "from_port": 80,
                "ipv6_cidr_blocks": [],
                "prefix_list_ids": [],
                "protocol": "tcp",
                "security_groups": [],
                "self": false,
                "to_port": 80
              }
            ],
            "name": "elb-securitygroup",
            "name_prefix": "",
            "owner_id": "595324472678",
            "revoke_rules_on_delete": false,
            "tags": {
              "name": "elb-securitygroup"
            },
            "tags_all": {
              "name": "elb-securitygroup"
            },
            "timeouts": null,
            "vpc_id": "vpc-08381df373509b33f"
          },
          "sensitive_attributes": [],
          "private": "eyJlMmJmYjczMC1lY2FhLTExZTYtOGY4OC0zNDM2M2JjN2M0YzAiOnsiY3JlYXRlIjo2MDAwMDAwMDAwMDAsImRlbGV0ZSI6OTAwMDAwMDAwMDAwfSwic2NoZW1hX3ZlcnNpb24iOiIxIn0=",
          "dependencies": [
            "aws_vpc.myvpc01"
          ],
          "create_before_destroy": true
        }
      ]
    },
    {
      "mode": "managed",
      "type": "aws_security_group",
      "name": "myinstance-securitygroup",
      "provider": "provider[\"registry.terraform.io/hashicorp/aws\"]",
      "instances": [
        {
          "schema_version": 1,
          "attributes": {
            "arn": "arn:aws:ec2:us-east-1:595324472678:security-group/sg-09d257e098242b816",
            "description": "this is to all ssh from elb to my instance",
            "egress": [
              {
                "cidr_blocks": [
                  "0.0.0.0/0"
                ],
                "description": "",
                "from_port": 0,
                "ipv6_cidr_blocks": [],
                "prefix_list_ids": [],
                "protocol": "-1",
                "security_groups": [],
                "self": false,
                "to_port": 0
              }
            ],
            "id": "sg-09d257e098242b816",
            "ingress": [
              {
                "cidr_blocks": [
                  "0.0.0.0/0"
                ],
                "description": "",
                "from_port": 22,
                "ipv6_cidr_blocks": [],
                "prefix_list_ids": [],
                "protocol": "tcp",
                "security_groups": [],
                "self": false,
                "to_port": 22
              },
              {
                "cidr_blocks": [],
                "description": "",
                "from_port": 80,
                "ipv6_cidr_blocks": [],
                "prefix_list_ids": [],
                "protocol": "tcp",
                "security_groups": [
                  "sg-01c046e1abcfbf8b0"
                ],
                "self": false,
                "to_port": 80
              }
            ],
            "name": "myinstance-securitygroup",
            "name_prefix": "",
            "owner_id": "595324472678",
            "revoke_rules_on_delete": false,
            "tags": {
              "name": "myinstance-securitygroup"
            },
            "tags_all": {
              "name": "myinstance-securitygroup"
            },
            "timeouts": null,
            "vpc_id": "vpc-08381df373509b33f"
          },
          "sensitive_attributes": [],
          "private": "eyJlMmJmYjczMC1lY2FhLTExZTYtOGY4OC0zNDM2M2JjN2M0YzAiOnsiY3JlYXRlIjo2MDAwMDAwMDAwMDAsImRlbGV0ZSI6OTAwMDAwMDAwMDAwfSwic2NoZW1hX3ZlcnNpb24iOiIxIn0=",
          "dependencies": [
            "aws_security_group.elb-securitygroup",
            "aws_vpc.myvpc01"
          ],
          "create_before_destroy": true
        }
      ]
    },
    {
      "mode": "managed",
      "type": "aws_subnet",
      "name": "public-subnet01",
      "provider": "provider[\"registry.terraform.io/hashicorp/aws\"]",
      "instances": [
        {
          "schema_version": 1,
          "attributes": {
            "arn": "arn:aws:ec2:us-east-1:595324472678:subnet/subnet-01c66dd1f964aa4b8",
            "assign_ipv6_address_on_creation": false,
            "availability_zone": "us-east-1a",
            "availability_zone_id": "use1-az4",
            "cidr_block": "10.0.1.0/24",
            "customer_owned_ipv4_pool": "",
            "id": "subnet-01c66dd1f964aa4b8",
            "ipv6_cidr_block": "",
            "ipv6_cidr_block_association_id": "",
            "map_customer_owned_ip_on_launch": false,
            "map_public_ip_on_launch": true,
            "outpost_arn": "",
            "owner_id": "595324472678",
            "tags": {
              "name": "public-subnet01"
            },
            "tags_all": {
              "name": "public-subnet01"
            },
            "timeouts": null,
            "vpc_id": "vpc-08381df373509b33f"
          },
          "sensitive_attributes": [],
          "private": "eyJlMmJmYjczMC1lY2FhLTExZTYtOGY4OC0zNDM2M2JjN2M0YzAiOnsiY3JlYXRlIjo2MDAwMDAwMDAwMDAsImRlbGV0ZSI6MTIwMDAwMDAwMDAwMH0sInNjaGVtYV92ZXJzaW9uIjoiMSJ9",
          "dependencies": [
            "aws_vpc.myvpc01"
          ]
        }
      ]
    },
    {
      "mode": "managed",
      "type": "aws_subnet",
      "name": "public-subnet02",
      "provider": "provider[\"registry.terraform.io/hashicorp/aws\"]",
      "instances": [
        {
          "schema_version": 1,
          "attributes": {
            "arn": "arn:aws:ec2:us-east-1:595324472678:subnet/subnet-000c9cd8149c6c1d8",
            "assign_ipv6_address_on_creation": false,
            "availability_zone": "us-east-1b",
            "availability_zone_id": "use1-az6",
            "cidr_block": "10.0.2.0/24",
            "customer_owned_ipv4_pool": "",
            "id": "subnet-000c9cd8149c6c1d8",
            "ipv6_cidr_block": "",
            "ipv6_cidr_block_association_id": "",
            "map_customer_owned_ip_on_launch": false,
            "map_public_ip_on_launch": true,
            "outpost_arn": "",
            "owner_id": "595324472678",
            "tags": {
              "name": "public-subnet02"
            },
            "tags_all": {
              "name": "public-subnet02"
            },
            "timeouts": null,
            "vpc_id": "vpc-08381df373509b33f"
          },
          "sensitive_attributes": [],
          "private": "eyJlMmJmYjczMC1lY2FhLTExZTYtOGY4OC0zNDM2M2JjN2M0YzAiOnsiY3JlYXRlIjo2MDAwMDAwMDAwMDAsImRlbGV0ZSI6MTIwMDAwMDAwMDAwMH0sInNjaGVtYV92ZXJzaW9uIjoiMSJ9",
          "dependencies": [
            "aws_vpc.myvpc01"
          ]
        }
      ]
    },
    {
      "mode": "managed",
      "type": "aws_vpc",
      "name": "myvpc01",
      "provider": "provider[\"registry.terraform.io/hashicorp/aws\"]",
      "instances": [
        {
          "schema_version": 1,
          "attributes": {
            "arn": "arn:aws:ec2:us-east-1:595324472678:vpc/vpc-08381df373509b33f",
            "assign_generated_ipv6_cidr_block": false,
            "cidr_block": "10.0.0.0/16",
            "default_network_acl_id": "acl-0d9e7c1f0b42fc808",
            "default_route_table_id": "rtb-05ca1b57022d89031",
            "default_security_group_id": "sg-005cccae66424f189",
            "dhcp_options_id": "dopt-885e76f2",
            "enable_classiclink": false,
            "enable_classiclink_dns_support": false,
            "enable_dns_hostnames": true,
            "enable_dns_support": true,
            "id": "vpc-08381df373509b33f",
            "instance_tenancy": "default",
            "ipv6_association_id": "",
            "ipv6_cidr_block": "",
            "main_route_table_id": "rtb-05ca1b57022d89031",
            "owner_id": "595324472678",
            "tags": {
              "name": "myvpc01"
            },
            "tags_all": {
              "name": "myvpc01"
            }
          },
          "sensitive_attributes": [],
          "private": "eyJzY2hlbWFfdmVyc2lvbiI6IjEifQ==",
          "create_before_destroy": true
        }
      ]
    }
  ]
}
